
Microsoft Visual Studio Solution File, Format Version 12.00
# Visual Studio Version 17
VisualStudioVersion = 17.6.33815.320
MinimumVisualStudioVersion = 10.0.40219.1
Project("{FAE04EC0-301F-11D3-BF4B-00C04F79EFBC}") = "mf-backend", "mf-backend\mf-backend.csproj", "{21F7BB3F-1F90-47D1-A484-D7817DDCD7AF}"
EndProject
Global
	GlobalSection(SolutionConfigurationPlatforms) = preSolution
		Debug|Any CPU = Debug|Any CPU
		Release|Any CPU = Release|Any CPU
	EndGlobalSection
	GlobalSection(ProjectConfigurationPlatforms) = postSolution
		{21F7BB3F-1F90-47D1-A484-D7817DDCD7AF}.Debug|Any CPU.ActiveCfg = Debug|Any CPU
		{21F7BB3F-1F90-47D1-A484-D7817DDCD7AF}.Debug|Any CPU.Build.0 = Debug|Any CPU
		{21F7BB3F-1F90-47D1-A484-D7817DDCD7AF}.Release|Any CPU.ActiveCfg = Release|Any CPU
		{21F7BB3F-1F90-47D1-A484-D7817DDCD7AF}.Release|Any CPU.Build.0 = Release|Any CPU
	EndGlobalSection
	GlobalSection(SolutionProperties) = preSolution
		HideSolutionNode = FALSE
	EndGlobalSection
	GlobalSection(ExtensibilityGlobals) = postSolution
		SolutionGuid = {B9147662-D1A1-49B8-B432-BC70D479C2D1}
	EndGlobalSection
EndGlobal
